
Microsoft Visual Studio Solution File, Format Version 12.00
# Visual Studio Version 16
VisualStudioVersion = 16.0.31402.337
MinimumVisualStudioVersion = 10.0.40219.1
Project("{FAE04EC0-301F-11D3-BF4B-00C04F79EFBC}") = "Decorator - example", "Decorator - example.csproj", "{620EB759-0077-4CA3-9CB0-DA0AD29E1303}"
EndProject
Global
	GlobalSection(SolutionConfigurationPlatforms) = preSolution
		Debug|Any CPU = Debug|Any CPU
		Release|Any CPU = Release|Any CPU
	EndGlobalSection
	GlobalSection(ProjectConfigurationPlatforms) = postSolution
		{620EB759-0077-4CA3-9CB0-DA0AD29E1303}.Debug|Any CPU.ActiveCfg = Debug|Any CPU
		{620EB759-0077-4CA3-9CB0-DA0AD29E1303}.Debug|Any CPU.Build.0 = Debug|Any CPU
		{620EB759-0077-4CA3-9CB0-DA0AD29E1303}.Release|Any CPU.ActiveCfg = Release|Any CPU
		{620EB759-0077-4CA3-9CB0-DA0AD29E1303}.Release|Any CPU.Build.0 = Release|Any CPU
	EndGlobalSection
	GlobalSection(SolutionProperties) = preSolution
		HideSolutionNode = FALSE
	EndGlobalSection
	GlobalSection(ExtensibilityGlobals) = postSolution
		SolutionGuid = {48256827-700D-4ECA-9C01-370D396F44B7}
	EndGlobalSection
EndGlobal
